
Microsoft Visual Studio Solution File, Format Version 12.00
# Visual Studio Version 17
VisualStudioVersion = 17.6.33723.286
MinimumVisualStudioVersion = 10.0.40219.1
Project("{FAE04EC0-301F-11D3-BF4B-00C04F79EFBC}") = "ConsoleApp1", "ConsoleApp1.csproj", "{1870C533-7097-4CD0-9302-10DFF0425FE0}"
EndProject
Global
	GlobalSection(SolutionConfigurationPlatforms) = preSolution
		Debug|Any CPU = Debug|Any CPU
		Release|Any CPU = Release|Any CPU
	EndGlobalSection
	GlobalSection(ProjectConfigurationPlatforms) = postSolution
		{1870C533-7097-4CD0-9302-10DFF0425FE0}.Debug|Any CPU.ActiveCfg = Debug|Any CPU
		{1870C533-7097-4CD0-9302-10DFF0425FE0}.Debug|Any CPU.Build.0 = Debug|Any CPU
		{1870C533-7097-4CD0-9302-10DFF0425FE0}.Release|Any CPU.ActiveCfg = Release|Any CPU
		{1870C533-7097-4CD0-9302-10DFF0425FE0}.Release|Any CPU.Build.0 = Release|Any CPU
	EndGlobalSection
	GlobalSection(SolutionProperties) = preSolution
		HideSolutionNode = FALSE
	EndGlobalSection
	GlobalSection(ExtensibilityGlobals) = postSolution
		SolutionGuid = {FECE342E-9A9A-4879-AF89-727A81BF591F}
	EndGlobalSection
EndGlobal
