
Microsoft Visual Studio Solution File, Format Version 12.00
# Visual Studio Version 17
VisualStudioVersion = 17.6.33723.286
MinimumVisualStudioVersion = 10.0.40219.1
Project("{FAE04EC0-301F-11D3-BF4B-00C04F79EFBC}") = "2.Feladat", "2.Feladat.csproj", "{00A7AF3D-4CD6-479E-AF46-9236099A2EFC}"
EndProject
Global
	GlobalSection(SolutionConfigurationPlatforms) = preSolution
		Debug|Any CPU = Debug|Any CPU
		Release|Any CPU = Release|Any CPU
	EndGlobalSection
	GlobalSection(ProjectConfigurationPlatforms) = postSolution
		{00A7AF3D-4CD6-479E-AF46-9236099A2EFC}.Debug|Any CPU.ActiveCfg = Debug|Any CPU
		{00A7AF3D-4CD6-479E-AF46-9236099A2EFC}.Debug|Any CPU.Build.0 = Debug|Any CPU
		{00A7AF3D-4CD6-479E-AF46-9236099A2EFC}.Release|Any CPU.ActiveCfg = Release|Any CPU
		{00A7AF3D-4CD6-479E-AF46-9236099A2EFC}.Release|Any CPU.Build.0 = Release|Any CPU
	EndGlobalSection
	GlobalSection(SolutionProperties) = preSolution
		HideSolutionNode = FALSE
	EndGlobalSection
	GlobalSection(ExtensibilityGlobals) = postSolution
		SolutionGuid = {0FE1D4D2-0BAC-4EBC-9233-6C9029D6A17C}
	EndGlobalSection
EndGlobal
